// !$*UTF8*$!
{
	archiveVersion = 1;
	classes = {
	};
	objectVersion = 50;
	objects = {

/* Begin PBXBuildFile section */
		3A065CAE2335D91F004DEA0D /* AppDelegate.swift in Sources */ = {isa = PBXBuildFile; fileRef = 3A065CAD2335D91F004DEA0D /* AppDelegate.swift */; };
		3A065CB02335D91F004DEA0D /* SceneDelegate.swift in Sources */ = {isa = PBXBuildFile; fileRef = 3A065CAF2335D91F004DEA0D /* SceneDelegate.swift */; };
		3A065CB22335D91F004DEA0D /* ViewController.swift in Sources */ = {isa = PBXBuildFile; fileRef = 3A065CB12335D91F004DEA0D /* ViewController.swift */; };
		3A065CB52335D91F004DEA0D /* Main.storyboard in Resources */ = {isa = PBXBuildFile; fileRef = 3A065CB32335D91F004DEA0D /* Main.storyboard */; };
		3A065CB72335D921004DEA0D /* Assets.xcassets in Resources */ = {isa = PBXBuildFile; fileRef = 3A065CB62335D921004DEA0D /* Assets.xcassets */; };
		3A065CBA2335D921004DEA0D /* LaunchScreen.storyboard in Resources */ = {isa = PBXBuildFile; fileRef = 3A065CB82335D921004DEA0D /* LaunchScreen.storyboard */; };
		3A065CC22335E459004DEA0D /* ContactsModel.swift in Sources */ = {isa = PBXBuildFile; fileRef = 3A065CC12335E459004DEA0D /* ContactsModel.swift */; };
		3A065CC62335E560004DEA0D /* SessionRequests.swift in Sources */ = {isa = PBXBuildFile; fileRef = 3A065CC52335E560004DEA0D /* SessionRequests.swift */; };
		3A065CC82335FA0A004DEA0D /* Extensions.swift in Sources */ = {isa = PBXBuildFile; fileRef = 3A065CC72335FA0A004DEA0D /* Extensions.swift */; };
		3AE2F7082336028000821559 /* SessionCalls.swift in Sources */ = {isa = PBXBuildFile; fileRef = 3AE2F7072336028000821559 /* SessionCalls.swift */; };
		3AE2F70A233603E900821559 /* APIHelper.swift in Sources */ = {isa = PBXBuildFile; fileRef = 3AE2F709233603E900821559 /* APIHelper.swift */; };
/* End PBXBuildFile section */

/* Begin PBXFileReference section */
		3A065CAA2335D91F004DEA0D /* Gojek Contacts.app */ = {isa = PBXFileReference; explicitFileType = wrapper.application; includeInIndex = 0; path = "Gojek Contacts.app"; sourceTree = BUILT_PRODUCTS_DIR; };
		3A065CAD2335D91F004DEA0D /* AppDelegate.swift */ = {isa = PBXFileReference; lastKnownFileType = sourcecode.swift; path = AppDelegate.swift; sourceTree = "<group>"; };
		3A065CAF2335D91F004DEA0D /* SceneDelegate.swift */ = {isa = PBXFileReference; lastKnownFileType = sourcecode.swift; path = SceneDelegate.swift; sourceTree = "<group>"; };
		3A065CB12335D91F004DEA0D /* ViewController.swift */ = {isa = PBXFileReference; lastKnownFileType = sourcecode.swift; path = ViewController.swift; sourceTree = "<group>"; };
		3A065CB42335D91F004DEA0D /* Base */ = {isa = PBXFileReference; lastKnownFileType = file.storyboard; name = Base; path = Base.lproj/Main.storyboard; sourceTree = "<group>"; };
		3A065CB62335D921004DEA0D /* Assets.xcassets */ = {isa = PBXFileReference; lastKnownFileType = folder.assetcatalog; path = Assets.xcassets; sourceTree = "<group>"; };
		3A065CB92335D921004DEA0D /* Base */ = {isa = PBXFileReference; lastKnownFileType = file.storyboard; name = Base; path = Base.lproj/LaunchScreen.storyboard; sourceTree = "<group>"; };
		3A065CBB2335D921004DEA0D /* Info.plist */ = {isa = PBXFileReference; lastKnownFileType = text.plist.xml; path = Info.plist; sourceTree = "<group>"; };
		3A065CC12335E459004DEA0D /* ContactsModel.swift */ = {isa = PBXFileReference; lastKnownFileType = sourcecode.swift; path = ContactsModel.swift; sourceTree = "<group>"; };
		3A065CC52335E560004DEA0D /* SessionRequests.swift */ = {isa = PBXFileReference; lastKnownFileType = sourcecode.swift; path = SessionRequests.swift; sourceTree = "<group>"; };
		3A065CC72335FA0A004DEA0D /* Extensions.swift */ = {isa = PBXFileReference; lastKnownFileType = sourcecode.swift; path = Extensions.swift; sourceTree = "<group>"; };
		3AE2F7072336028000821559 /* SessionCalls.swift */ = {isa = PBXFileReference; lastKnownFileType = sourcecode.swift; path = SessionCalls.swift; sourceTree = "<group>"; };
		3AE2F709233603E900821559 /* APIHelper.swift */ = {isa = PBXFileReference; lastKnownFileType = sourcecode.swift; path = APIHelper.swift; sourceTree = "<group>"; };
/* End PBXFileReference section */

/* Begin PBXFrameworksBuildPhase section */
		3A065CA72335D91F004DEA0D /* Frameworks */ = {
			isa = PBXFrameworksBuildPhase;
			buildActionMask = 2147483647;
			files = (
			);
			runOnlyForDeploymentPostprocessing = 0;
		};
/* End PBXFrameworksBuildPhase section */

/* Begin PBXGroup section */
		3A065CA12335D91F004DEA0D = {
			isa = PBXGroup;
			children = (
				3A065CAC2335D91F004DEA0D /* Gojek Contacts */,
				3A065CAB2335D91F004DEA0D /* Products */,
			);
			sourceTree = "<group>";
		};
		3A065CAB2335D91F004DEA0D /* Products */ = {
			isa = PBXGroup;
			children = (
				3A065CAA2335D91F004DEA0D /* Gojek Contacts.app */,
			);
			name = Products;
			sourceTree = "<group>";
		};
		3A065CAC2335D91F004DEA0D /* Gojek Contacts */ = {
			isa = PBXGroup;
			children = (
				3A065CC92335FA14004DEA0D /* Extensions */,
				3A065CC42335E530004DEA0D /* SessionClass */,
				3A065CC32335E460004DEA0D /* Models */,
				3A065CAD2335D91F004DEA0D /* AppDelegate.swift */,
				3A065CAF2335D91F004DEA0D /* SceneDelegate.swift */,
				3A065CB12335D91F004DEA0D /* ViewController.swift */,
				3A065CB32335D91F004DEA0D /* Main.storyboard */,
				3A065CB62335D921004DEA0D /* Assets.xcassets */,
				3A065CB82335D921004DEA0D /* LaunchScreen.storyboard */,
				3A065CBB2335D921004DEA0D /* Info.plist */,
			);
			path = "Gojek Contacts";
			sourceTree = "<group>";
		};
		3A065CC32335E460004DEA0D /* Models */ = {
			isa = PBXGroup;
			children = (
				3A065CC12335E459004DEA0D /* ContactsModel.swift */,
			);
			path = Models;
			sourceTree = "<group>";
		};
		3A065CC42335E530004DEA0D /* SessionClass */ = {
			isa = PBXGroup;
			children = (
				3A065CC52335E560004DEA0D /* SessionRequests.swift */,
				3AE2F7072336028000821559 /* SessionCalls.swift */,
				3AE2F709233603E900821559 /* APIHelper.swift */,
			);
			path = SessionClass;
			sourceTree = "<group>";
		};
		3A065CC92335FA14004DEA0D /* Extensions */ = {
			isa = PBXGroup;
			children = (
				3A065CC72335FA0A004DEA0D /* Extensions.swift */,
			);
			path = Extensions;
			sourceTree = "<group>";
		};
/* End PBXGroup section */

/* Begin PBXNativeTarget section */
		3A065CA92335D91F004DEA0D /* Gojek Contacts */ = {
			isa = PBXNativeTarget;
			buildConfigurationList = 3A065CBE2335D921004DEA0D /* Build configuration list for PBXNativeTarget "Gojek Contacts" */;
			buildPhases = (
				3A065CA62335D91F004DEA0D /* Sources */,
				3A065CA72335D91F004DEA0D /* Frameworks */,
				3A065CA82335D91F004DEA0D /* Resources */,
			);
			buildRules = (
			);
			dependencies = (
			);
			name = "Gojek Contacts";
			productName = "Gojek Contacts";
			productReference = 3A065CAA2335D91F004DEA0D /* Gojek Contacts.app */;
			productType = "com.apple.product-type.application";
		};
/* End PBXNativeTarget section */

/* Begin PBXProject section */
		3A065CA22335D91F004DEA0D /* Project object */ = {
			isa = PBXProject;
			attributes = {
				LastSwiftUpdateCheck = 1100;
				LastUpgradeCheck = 1100;
				ORGANIZATIONNAME = Vishwas;
				TargetAttributes = {
					3A065CA92335D91F004DEA0D = {
						CreatedOnToolsVersion = 11.0;
					};
				};
			};
			buildConfigurationList = 3A065CA52335D91F004DEA0D /* Build configuration list for PBXProject "Gojek Contacts" */;
			compatibilityVersion = "Xcode 9.3";
			developmentRegion = en;
			hasScannedForEncodings = 0;
			knownRegions = (
				en,
				Base,
			);
			mainGroup = 3A065CA12335D91F004DEA0D;
			productRefGroup = 3A065CAB2335D91F004DEA0D /* Products */;
			projectDirPath = "";
			projectRoot = "";
			targets = (
				3A065CA92335D91F004DEA0D /* Gojek Contacts */,
			);
		};
/* End PBXProject section */

/* Begin PBXResourcesBuildPhase section */
		3A065CA82335D91F004DEA0D /* Resources */ = {
			isa = PBXResourcesBuildPhase;
			buildActionMask = 2147483647;
			files = (
				3A065CBA2335D921004DEA0D /* LaunchScreen.storyboard in Resources */,
				3A065CB72335D921004DEA0D /* Assets.xcassets in Resources */,
				3A065CB52335D91F004DEA0D /* Main.storyboard in Resources */,
			);
			runOnlyForDeploymentPostprocessing = 0;
		};
/* End PBXResourcesBuildPhase section */

/* Begin PBXSourcesBuildPhase section */
		3A065CA62335D91F004DEA0D /* Sources */ = {
			isa = PBXSourcesBuildPhase;
			buildActionMask = 2147483647;
			files = (
				3A065CC62335E560004DEA0D /* SessionRequests.swift in Sources */,
				3A065CC82335FA0A004DEA0D /* Extensions.swift in Sources */,
				3AE2F7082336028000821559 /* SessionCalls.swift in Sources */,
				3A065CB22335D91F004DEA0D /* ViewController.swift in Sources */,
				3AE2F70A233603E900821559 /* APIHelper.swift in Sources */,
				3A065CAE2335D91F004DEA0D /* AppDelegate.swift in Sources */,
				3A065CC22335E459004DEA0D /* ContactsModel.swift in Sources */,
				3A065CB02335D91F004DEA0D /* SceneDelegate.swift in Sources */,
			);
			runOnlyForDeploymentPostprocessing = 0;
		};
/* End PBXSourcesBuildPhase section */

/* Begin PBXVariantGroup section */
		3A065CB32335D91F004DEA0D /* Main.storyboard */ = {
			isa = PBXVariantGroup;
			children = (
				3A065CB42335D91F004DEA0D /* Base */,
			);
			name = Main.storyboard;
			sourceTree = "<group>";
		};
		3A065CB82335D921004DEA0D /* LaunchScreen.storyboard */ = {
			isa = PBXVariantGroup;
			children = (
				3A065CB92335D921004DEA0D /* Base */,
			);
			name = LaunchScreen.storyboard;
			sourceTree = "<group>";
		};
/* End PBXVariantGroup section */

/* Begin XCBuildConfiguration section */
		3A065CBC2335D921004DEA0D /* Debug */ = {
			isa = XCBuildConfiguration;
			buildSettings = {
				ALWAYS_SEARCH_USER_PATHS = NO;
				CLANG_ANALYZER_NONNULL = YES;
				CLANG_ANALYZER_NUMBER_OBJECT_CONVERSION = YES_AGGRESSIVE;
				CLANG_CXX_LANGUAGE_STANDARD = "gnu++14";
				CLANG_CXX_LIBRARY = "libc++";
				CLANG_ENABLE_MODULES = YES;
				CLANG_ENABLE_OBJC_ARC = YES;
				CLANG_ENABLE_OBJC_WEAK = YES;
				CLANG_WARN_BLOCK_CAPTURE_AUTORELEASING = YES;
				CLANG_WARN_BOOL_CONVERSION = YES;
				CLANG_WARN_COMMA = YES;
				CLANG_WARN_CONSTANT_CONVERSION = YES;
				CLANG_WARN_DEPRECATED_OBJC_IMPLEMENTATIONS = YES;
				CLANG_WARN_DIRECT_OBJC_ISA_USAGE = YES_ERROR;
				CLANG_WARN_DOCUMENTATION_COMMENTS = YES;
				CLANG_WARN_EMPTY_BODY = YES;
				CLANG_WARN_ENUM_CONVERSION = YES;
				CLANG_WARN_INFINITE_RECURSION = YES;
				CLANG_WARN_INT_CONVERSION = YES;
				CLANG_WARN_NON_LITERAL_NULL_CONVERSION = YES;
				CLANG_WARN_OBJC_IMPLICIT_RETAIN_SELF = YES;
				CLANG_WARN_OBJC_LITERAL_CONVERSION = YES;
				CLANG_WARN_OBJC_ROOT_CLASS = YES_ERROR;
				CLANG_WARN_RANGE_LOOP_ANALYSIS = YES;
				CLANG_WARN_STRICT_PROTOTYPES = YES;
				CLANG_WARN_SUSPICIOUS_MOVE = YES;
				CLANG_WARN_UNGUARDED_AVAILABILITY = YES_AGGRESSIVE;
				CLANG_WARN_UNREACHABLE_CODE = YES;
				CLANG_WARN__DUPLICATE_METHOD_MATCH = YES;
				COPY_PHASE_STRIP = NO;
				DEBUG_INFORMATION_FORMAT = dwarf;
				ENABLE_STRICT_OBJC_MSGSEND = YES;
				ENABLE_TESTABILITY = YES;
				GCC_C_LANGUAGE_STANDARD = gnu11;
				GCC_DYNAMIC_NO_PIC = NO;
				GCC_NO_COMMON_BLOCKS = YES;
				GCC_OPTIMIZATION_LEVEL = 0;
				GCC_PREPROCESSOR_DEFINITIONS = (
					"DEBUG=1",
					"$(inherited)",
				);
				GCC_WARN_64_TO_32_BIT_CONVERSION = YES;
				GCC_WARN_ABOUT_RETURN_TYPE = YES_ERROR;
				GCC_WARN_UNDECLARED_SELECTOR = YES;
				GCC_WARN_UNINITIALIZED_AUTOS = YES_AGGRESSIVE;
				GCC_WARN_UNUSED_FUNCTION = YES;
				GCC_WARN_UNUSED_VARIABLE = YES;
				IPHONEOS_DEPLOYMENT_TARGET = 13.0;
				MTL_ENABLE_DEBUG_INFO = INCLUDE_SOURCE;
				MTL_FAST_MATH = YES;
				ONLY_ACTIVE_ARCH = YES;
				SDKROOT = iphoneos;
				SWIFT_ACTIVE_COMPILATION_CONDITIONS = DEBUG;
				SWIFT_OPTIMIZATION_LEVEL = "-Onone";
			};
			name = Debug;
		};
		3A065CBD2335D921004DEA0D /* Release */ = {
			isa = XCBuildConfiguration;
			buildSettings = {
				ALWAYS_SEARCH_USER_PATHS = NO;
				CLANG_ANALYZER_NONNULL = YES;
				CLANG_ANALYZER_NUMBER_OBJECT_CONVERSION = YES_AGGRESSIVE;
				CLANG_CXX_LANGUAGE_STANDARD = "gnu++14";
				CLANG_CXX_LIBRARY = "libc++";
				CLANG_ENABLE_MODULES = YES;
				CLANG_ENABLE_OBJC_ARC = YES;
				CLANG_ENABLE_OBJC_WEAK = YES;
				CLANG_WARN_BLOCK_CAPTURE_AUTORELEASING = YES;
				CLANG_WARN_BOOL_CONVERSION = YES;
				CLANG_WARN_COMMA = YES;
				CLANG_WARN_CONSTANT_CONVERSION = YES;
				CLANG_WARN_DEPRECATED_OBJC_IMPLEMENTATIONS = YES;
				CLANG_WARN_DIRECT_OBJC_ISA_USAGE = YES_ERROR;
				CLANG_WARN_DOCUMENTATION_COMMENTS = YES;
				CLANG_WARN_EMPTY_BODY = YES;
				CLANG_WARN_ENUM_CONVERSION = YES;
				CLANG_WARN_INFINITE_RECURSION = YES;
				CLANG_WARN_INT_CONVERSION = YES;
				CLANG_WARN_NON_LITERAL_NULL_CONVERSION = YES;
				CLANG_WARN_OBJC_IMPLICIT_RETAIN_SELF = YES;
				CLANG_WARN_OBJC_LITERAL_CONVERSION = YES;
				CLANG_WARN_OBJC_ROOT_CLASS = YES_ERROR;
				CLANG_WARN_RANGE_LOOP_ANALYSIS = YES;
				CLANG_WARN_STRICT_PROTOTYPES = YES;
				CLANG_WARN_SUSPICIOUS_MOVE = YES;
				CLANG_WARN_UNGUARDED_AVAILABILITY = YES_AGGRESSIVE;
				CLANG_WARN_UNREACHABLE_CODE = YES;
				CLANG_WARN__DUPLICATE_METHOD_MATCH = YES;
				COPY_PHASE_STRIP = NO;
				DEBUG_INFORMATION_FORMAT = "dwarf-with-dsym";
				ENABLE_NS_ASSERTIONS = NO;
				ENABLE_STRICT_OBJC_MSGSEND = YES;
				GCC_C_LANGUAGE_STANDARD = gnu11;
				GCC_NO_COMMON_BLOCKS = YES;
				GCC_WARN_64_TO_32_BIT_CONVERSION = YES;
				GCC_WARN_ABOUT_RETURN_TYPE = YES_ERROR;
				GCC_WARN_UNDECLARED_SELECTOR = YES;
				GCC_WARN_UNINITIALIZED_AUTOS = YES_AGGRESSIVE;
				GCC_WARN_UNUSED_FUNCTION = YES;
				GCC_WARN_UNUSED_VARIABLE = YES;
				IPHONEOS_DEPLOYMENT_TARGET = 13.0;
				MTL_ENABLE_DEBUG_INFO = NO;
				MTL_FAST_MATH = YES;
				SDKROOT = iphoneos;
				SWIFT_COMPILATION_MODE = wholemodule;
				SWIFT_OPTIMIZATION_LEVEL = "-O";
				VALIDATE_PRODUCT = YES;
			};
			name = Release;
		};
		3A065CBF2335D921004DEA0D /* Debug */ = {
			isa = XCBuildConfiguration;
			buildSettings = {
				ASSETCATALOG_COMPILER_APPICON_NAME = AppIcon;
				CODE_SIGN_STYLE = Automatic;
				DEVELOPMENT_TEAM = D9DTL46TFP;
				INFOPLIST_FILE = "Gojek Contacts/Info.plist";
				LD_RUNPATH_SEARCH_PATHS = (
					"$(inherited)",
					"@executable_path/Frameworks",
				);
				PRODUCT_BUNDLE_IDENTIFIER = "com.vishwas.stock.app.Gojek-Contacts";
				PRODUCT_NAME = "$(TARGET_NAME)";
				SWIFT_VERSION = 5.0;
				TARGETED_DEVICE_FAMILY = "1,2";
			};
			name = Debug;
		};
		3A065CC02335D921004DEA0D /* Release */ = {
			isa = XCBuildConfiguration;
			buildSettings = {
				ASSETCATALOG_COMPILER_APPICON_NAME = AppIcon;
				CODE_SIGN_STYLE = Automatic;
				DEVELOPMENT_TEAM = D9DTL46TFP;
				INFOPLIST_FILE = "Gojek Contacts/Info.plist";
				LD_RUNPATH_SEARCH_PATHS = (
					"$(inherited)",
					"@executable_path/Frameworks",
				);
				PRODUCT_BUNDLE_IDENTIFIER = "com.vishwas.stock.app.Gojek-Contacts";
				PRODUCT_NAME = "$(TARGET_NAME)";
				SWIFT_VERSION = 5.0;
				TARGETED_DEVICE_FAMILY = "1,2";
			};
			name = Release;
		};
/* End XCBuildConfiguration section */

/* Begin XCConfigurationList section */
		3A065CA52335D91F004DEA0D /* Build configuration list for PBXProject "Gojek Contacts" */ = {
			isa = XCConfigurationList;
			buildConfigurations = (
				3A065CBC2335D921004DEA0D /* Debug */,
				3A065CBD2335D921004DEA0D /* Release */,
			);
			defaultConfigurationIsVisible = 0;
			defaultConfigurationName = Release;
		};
		3A065CBE2335D921004DEA0D /* Build configuration list for PBXNativeTarget "Gojek Contacts" */ = {
			isa = XCConfigurationList;
			buildConfigurations = (
				3A065CBF2335D921004DEA0D /* Debug */,
				3A065CC02335D921004DEA0D /* Release */,
			);
			defaultConfigurationIsVisible = 0;
			defaultConfigurationName = Release;
		};
/* End XCConfigurationList section */
	};
	rootObject = 3A065CA22335D91F004DEA0D /* Project object */;
}
